PODS:
  - RESegmentedControl (0.5.0)

DEPENDENCIES:
  - RESegmentedControl (from `../`)

EXTERNAL SOURCES:
  RESegmentedControl:
    :path: "../"

SPEC CHECKSUMS:
  RESegmentedControl: d1aca2827cf49e8a461cd97d8c2a98a58cafe029

PODFILE CHECKSUM: cf23995294595fd77bf3b84435085fdd8e637df7

COCOAPODS: 1.9.3
